
Microsoft Visual Studio Solution File, Format Version 12.00
# Visual Studio Version 16
VisualStudioVersion = 16.0.31424.327
MinimumVisualStudioVersion = 10.0.40219.1
Project("{FAE04EC0-301F-11D3-BF4B-00C04F79EFBC}") = "AniBNDRegister", "AniBNDRegister\AniBNDRegister.csproj", "{F37FB76D-C32C-46AC-A475-DF4AE6CF0343}"
EndProject
Project("{9A19103F-16F7-4668-BE54-9A1E7A4F7556}") = "SoulsFormats", "SoulsFormats\SoulsFormats.csproj", "{F14E50FF-C52C-459B-80D3-9973487695A3}"
EndProject
Global
	GlobalSection(SolutionConfigurationPlatforms) = preSolution
		Debug|Any CPU = Debug|Any CPU
		Release|Any CPU = Release|Any CPU
	EndGlobalSection
	GlobalSection(ProjectConfigurationPlatforms) = postSolution
		{F37FB76D-C32C-46AC-A475-DF4AE6CF0343}.Debug|Any CPU.ActiveCfg = Debug|Any CPU
		{F37FB76D-C32C-46AC-A475-DF4AE6CF0343}.Debug|Any CPU.Build.0 = Debug|Any CPU
		{F37FB76D-C32C-46AC-A475-DF4AE6CF0343}.Release|Any CPU.ActiveCfg = Release|Any CPU
		{F37FB76D-C32C-46AC-A475-DF4AE6CF0343}.Release|Any CPU.Build.0 = Release|Any CPU
		{F14E50FF-C52C-459B-80D3-9973487695A3}.Debug|Any CPU.ActiveCfg = Debug|Any CPU
		{F14E50FF-C52C-459B-80D3-9973487695A3}.Debug|Any CPU.Build.0 = Debug|Any CPU
		{F14E50FF-C52C-459B-80D3-9973487695A3}.Release|Any CPU.ActiveCfg = Release|Any CPU
		{F14E50FF-C52C-459B-80D3-9973487695A3}.Release|Any CPU.Build.0 = Release|Any CPU
	EndGlobalSection
	GlobalSection(SolutionProperties) = preSolution
		HideSolutionNode = FALSE
	EndGlobalSection
	GlobalSection(ExtensibilityGlobals) = postSolution
		SolutionGuid = {C5E1C5D3-DC77-4DD9-A452-D26F585847D6}
	EndGlobalSection
EndGlobal
